
Microsoft Visual Studio Solution File, Format Version 12.00
# Visual Studio Version 17
VisualStudioVersion = 17.0.31903.59
MinimumVisualStudioVersion = 10.0.40219.1
Project("{2150E333-8FDC-42A3-9474-1A3956D46DE8}") = "Solution Items", "Solution Items", "{3BD5BDC2-6AA8-4E45-A1AF-1B39E4A1ABD1}"
	ProjectSection(SolutionItems) = preProject
		..\.gitignore = ..\.gitignore
		..\README.md = ..\README.md
	EndProjectSection
EndProject
Project("{FAE04EC0-301F-11D3-BF4B-00C04F79EFBC}") = "Bigon.WebUI", "Bigon.WebUI\Bigon.WebUI.csproj", "{71E0F300-E44B-4D39-A5E9-12485469931F}"
EndProject
Global
	GlobalSection(SolutionConfigurationPlatforms) = preSolution
		Debug|Any CPU = Debug|Any CPU
		Release|Any CPU = Release|Any CPU
	EndGlobalSection
	GlobalSection(ProjectConfigurationPlatforms) = postSolution
		{71E0F300-E44B-4D39-A5E9-12485469931F}.Debug|Any CPU.ActiveCfg = Debug|Any CPU
		{71E0F300-E44B-4D39-A5E9-12485469931F}.Debug|Any CPU.Build.0 = Debug|Any CPU
		{71E0F300-E44B-4D39-A5E9-12485469931F}.Release|Any CPU.ActiveCfg = Release|Any CPU
		{71E0F300-E44B-4D39-A5E9-12485469931F}.Release|Any CPU.Build.0 = Release|Any CPU
	EndGlobalSection
	GlobalSection(SolutionProperties) = preSolution
		HideSolutionNode = FALSE
	EndGlobalSection
	GlobalSection(ExtensibilityGlobals) = postSolution
		SolutionGuid = {283E5784-AF7D-4FE1-8C56-48AE6DB795BB}
	EndGlobalSection
EndGlobal
